
Microsoft Visual Studio Solution File, Format Version 12.00
# Visual Studio Version 16
VisualStudioVersion = 16.0.33214.272
MinimumVisualStudioVersion = 10.0.40219.1
Project("{FAE04EC0-301F-11D3-BF4B-00C04F79EFBC}") = "ContosoUniversity", "ContosoUniversity\ContosoUniversity.csproj", "{BC5F7115-20A0-4560-B1DD-0A00A2B2BD30}"
EndProject
Global
	GlobalSection(SolutionConfigurationPlatforms) = preSolution
		Debug|Any CPU = Debug|Any CPU
		Release|Any CPU = Release|Any CPU
	EndGlobalSection
	GlobalSection(ProjectConfigurationPlatforms) = postSolution
		{BC5F7115-20A0-4560-B1DD-0A00A2B2BD30}.Debug|Any CPU.ActiveCfg = Debug|Any CPU
		{BC5F7115-20A0-4560-B1DD-0A00A2B2BD30}.Debug|Any CPU.Build.0 = Debug|Any CPU
		{BC5F7115-20A0-4560-B1DD-0A00A2B2BD30}.Release|Any CPU.ActiveCfg = Release|Any CPU
		{BC5F7115-20A0-4560-B1DD-0A00A2B2BD30}.Release|Any CPU.Build.0 = Release|Any CPU
	EndGlobalSection
	GlobalSection(SolutionProperties) = preSolution
		HideSolutionNode = FALSE
	EndGlobalSection
	GlobalSection(ExtensibilityGlobals) = postSolution
		SolutionGuid = {E7A07D45-C117-4A6E-84F1-227F720BFC05}
	EndGlobalSection
EndGlobal
